
Microsoft Visual Studio Solution File, Format Version 12.00
# Visual Studio 15
VisualStudioVersion = 15.0.33026.149
MinimumVisualStudioVersion = 10.0.40219.1
Project("{FAE04EC0-301F-11D3-BF4B-00C04F79EFBC}") = "Advanced-Programming", "Advanced-Programming\Advanced-Programming.csproj", "{6A137640-F3DB-42FE-98F4-3F1E39616A9D}"
EndProject
Project("{FAE04EC0-301F-11D3-BF4B-00C04F79EFBC}") = "CSharpLib", "CSharpLib\CSharpLib.csproj", "{D1B8C8BF-DE79-4C55-9AFC-9D39F64AE76F}"
EndProject
Global
	GlobalSection(SolutionConfigurationPlatforms) = preSolution
		Debug|Any CPU = Debug|Any CPU
		Release|Any CPU = Release|Any CPU
	EndGlobalSection
	GlobalSection(ProjectConfigurationPlatforms) = postSolution
		{6A137640-F3DB-42FE-98F4-3F1E39616A9D}.Debug|Any CPU.ActiveCfg = Debug|Any CPU
		{6A137640-F3DB-42FE-98F4-3F1E39616A9D}.Debug|Any CPU.Build.0 = Debug|Any CPU
		{6A137640-F3DB-42FE-98F4-3F1E39616A9D}.Release|Any CPU.ActiveCfg = Release|Any CPU
		{6A137640-F3DB-42FE-98F4-3F1E39616A9D}.Release|Any CPU.Build.0 = Release|Any CPU
		{D1B8C8BF-DE79-4C55-9AFC-9D39F64AE76F}.Debug|Any CPU.ActiveCfg = Debug|Any CPU
		{D1B8C8BF-DE79-4C55-9AFC-9D39F64AE76F}.Debug|Any CPU.Build.0 = Debug|Any CPU
		{D1B8C8BF-DE79-4C55-9AFC-9D39F64AE76F}.Release|Any CPU.ActiveCfg = Release|Any CPU
		{D1B8C8BF-DE79-4C55-9AFC-9D39F64AE76F}.Release|Any CPU.Build.0 = Release|Any CPU
	EndGlobalSection
	GlobalSection(SolutionProperties) = preSolution
		HideSolutionNode = FALSE
	EndGlobalSection
	GlobalSection(ExtensibilityGlobals) = postSolution
		SolutionGuid = {06676696-3439-4BF0-86CD-063922C9BD76}
	EndGlobalSection
EndGlobal
